<?xml version="1.0" encoding="utf-8"?>
<Project ToolsVersion="4.0" xmlns="http://schemas.microsoft.com/developer/msbuild/2003">
  <ItemGroup>
    <Filter Include="Source Files">
      <UniqueIdentifier>{4FC737F1-C7A5-4376-A066-2A32D752A2FF}</UniqueIdentifier>
      <Extensions>cpp;c;cc;cxx;def;odl;idl;hpj;bat;asm;asmx</Extensions>
    </Filter>
    <Filter Include="Header Files">
      <UniqueIdentifier>{93995380-89BD-4b04-88EB-625FBE52EBFB}</UniqueIdentifier>
      <Extensions>h;hh;hpp;hxx;hm;inl;inc;xsd</Extensions>
    </Filter>
    <Filter Include="Resource Files">
      <UniqueIdentifier>{67DA6AB6-F800-4c08-8B7A-83BB121AAD01}</UniqueIdentifier>
      <Extensions>rc;ico;cur;bmp;dlg;rc2;rct;bin;rgs;gif;jpg;jpeg;jpe;resx;tiff;tif;png;wav;mfcribbon-ms</Extensions>
    </Filter>
  </ItemGroup>
  <ItemGroup>
    <ClInclude Include="include\targetver.h">
      <Filter>Header Files</Filter>
    </ClInclude>
    <ClInclude Include="include\stdafx.h">
      <Filter>Header Files</Filter>
    </ClInclude>
    <ClInclude Include="include\problem.hpp">
      <Filter>Header Files</Filter>
    </ClInclude>
    <ClInclude Include="include\utility.hpp">
      <Filter>Header Files</Filter>
    </ClInclude>
    <ClInclude Include="include\mdspan.hpp">
      <Filter>Header Files</Filter>
    </ClInclude>
  </ItemGroup>
  <ItemGroup>
    <ClCompile Include="src\stdafx.cpp">
      <Filter>Source Files</Filter>
    </ClCompile>
    <ClCompile Include="src\aoc.cpp">
      <Filter>Source Files</Filter>
    </ClCompile>
    <ClCompile Include="src\problem.cpp">
      <Filter>Source Files</Filter>
    </ClCompile>
    <ClCompile Include="src\2017\day-1.cpp">
      <Filter>Header Files</Filter>
    </ClCompile>
    <ClCompile Include="src\2017\day-2.cpp">
      <Filter>Header Files</Filter>
    </ClCompile>
    <ClCompile Include="src\2017\day-3.cpp">
      <Filter>Header Files</Filter>
    </ClCompile>
    <ClCompile Include="src\2017\day-4.cpp">
      <Filter>Header Files</Filter>
    </ClCompile>
    <ClCompile Include="src\2017\day-5.cpp">
      <Filter>Header Files</Filter>
    </ClCompile>
    <ClCompile Include="src\2017\day-6.cpp">
      <Filter>Header Files</Filter>
    </ClCompile>
    <ClCompile Include="src\2017\day-7.cpp">
      <Filter>Header Files</Filter>
    </ClCompile>
    <ClCompile Include="src\2017\day-8.cpp">
      <Filter>Header Files</Filter>
    </ClCompile>
    <ClCompile Include="src\2017\day-9.cpp">
      <Filter>Header Files</Filter>
    </ClCompile>
    <ClCompile Include="src\2017\day-10.cpp">
      <Filter>Header Files</Filter>
    </ClCompile>
    <ClCompile Include="src\2017\day-11.cpp">
      <Filter>Header Files</Filter>
    </ClCompile>
    <ClCompile Include="src\2017\day-12.cpp">
      <Filter>Header Files</Filter>
    </ClCompile>
    <ClCompile Include="src\2017\day-13.cpp">
      <Filter>Header Files</Filter>
    </ClCompile>
    <ClCompile Include="src\2017\day-14.cpp">
      <Filter>Header Files</Filter>
    </ClCompile>
    <ClCompile Include="src\2017\day-15.cpp">
      <Filter>Header Files</Filter>
    </ClCompile>
    <ClCompile Include="src\2017\day-16.cpp">
      <Filter>Header Files</Filter>
    </ClCompile>
    <ClCompile Include="src\2017\day-17.cpp">
      <Filter>Source Files</Filter>
    </ClCompile>
    <ClCompile Include="src\2017\day-18.cpp">
      <Filter>Source Files</Filter>
    </ClCompile>
    <ClCompile Include="src\2017\day-19.cpp">
      <Filter>Source Files</Filter>
    </ClCompile>
    <ClCompile Include="src\2017\day-20.cpp">
      <Filter>Source Files</Filter>
    </ClCompile>
    <ClCompile Include="src\2017\day-21.cpp">
      <Filter>Source Files</Filter>
    </ClCompile>
    <ClCompile Include="src\2017\day-22.cpp">
      <Filter>Source Files</Filter>
    </ClCompile>
    <ClCompile Include="src\2017\day-23.cpp">
      <Filter>Source Files</Filter>
    </ClCompile>
    <ClCompile Include="src\2017\day-24.cpp">
      <Filter>Source Files</Filter>
    </ClCompile>
    <ClCompile Include="src\2017\day-25.cpp">
      <Filter>Source Files</Filter>
    </ClCompile>
    <ClCompile Include="src\2016\day-25.cpp">
      <Filter>Source Files</Filter>
    </ClCompile>
    <ClCompile Include="src\2016\day-24.cpp">
      <Filter>Source Files</Filter>
    </ClCompile>
    <ClCompile Include="src\2016\day-1.cpp">
      <Filter>Source Files</Filter>
    </ClCompile>
    <ClCompile Include="src\2016\day-2.cpp">
      <Filter>Source Files</Filter>
    </ClCompile>
    <ClCompile Include="src\2016\day-3.cpp">
      <Filter>Source Files</Filter>
    </ClCompile>
    <ClCompile Include="src\2016\day-4.cpp">
      <Filter>Source Files</Filter>
    </ClCompile>
    <ClCompile Include="src\2016\day-5.cpp">
      <Filter>Source Files</Filter>
    </ClCompile>
    <ClCompile Include="src\2016\day-6.cpp">
      <Filter>Source Files</Filter>
    </ClCompile>
    <ClCompile Include="src\2016\day-7.cpp">
      <Filter>Source Files</Filter>
    </ClCompile>
    <ClCompile Include="src\2016\day-8.cpp">
      <Filter>Source Files</Filter>
    </ClCompile>
    <ClCompile Include="src\2016\day-9.cpp">
      <Filter>Source Files</Filter>
    </ClCompile>
    <ClCompile Include="src\2016\day-10.cpp">
      <Filter>Source Files</Filter>
    </ClCompile>
    <ClCompile Include="src\2016\day-11.cpp">
      <Filter>Source Files</Filter>
    </ClCompile>
    <ClCompile Include="src\2016\day-12.cpp">
      <Filter>Source Files</Filter>
    </ClCompile>
    <ClCompile Include="src\2016\day-13.cpp">
      <Filter>Source Files</Filter>
    </ClCompile>
    <ClCompile Include="src\2016\day-14.cpp">
      <Filter>Source Files</Filter>
    </ClCompile>
    <ClCompile Include="src\2016\day-15.cpp">
      <Filter>Source Files</Filter>
    </ClCompile>
    <ClCompile Include="src\2016\day-16.cpp">
      <Filter>Source Files</Filter>
    </ClCompile>
    <ClCompile Include="src\2016\day-17.cpp">
      <Filter>Source Files</Filter>
    </ClCompile>
    <ClCompile Include="src\2016\day-18.cpp">
      <Filter>Source Files</Filter>
    </ClCompile>
    <ClCompile Include="src\2016\day-19.cpp">
      <Filter>Source Files</Filter>
    </ClCompile>
    <ClCompile Include="src\2016\day-20.cpp">
      <Filter>Source Files</Filter>
    </ClCompile>
    <ClCompile Include="src\2016\day-21.cpp">
      <Filter>Source Files</Filter>
    </ClCompile>
    <ClCompile Include="src\2016\day-22.cpp">
      <Filter>Source Files</Filter>
    </ClCompile>
    <ClCompile Include="src\2016\day-23.cpp">
      <Filter>Source Files</Filter>
    </ClCompile>
    <ClCompile Include="src\2015\day-1.cpp">
      <Filter>Source Files</Filter>
    </ClCompile>
    <ClCompile Include="src\2015\day-2.cpp">
      <Filter>Source Files</Filter>
    </ClCompile>
    <ClCompile Include="src\2015\day-3.cpp">
      <Filter>Source Files</Filter>
    </ClCompile>
    <ClCompile Include="src\2015\day-4.cpp">
      <Filter>Source Files</Filter>
    </ClCompile>
    <ClCompile Include="src\2015\day-5.cpp">
      <Filter>Source Files</Filter>
    </ClCompile>
    <ClCompile Include="src\2015\day-6.cpp">
      <Filter>Source Files</Filter>
    </ClCompile>
    <ClCompile Include="src\2015\day-7.cpp">
      <Filter>Source Files</Filter>
    </ClCompile>
    <ClCompile Include="src\2015\day-8.cpp">
      <Filter>Source Files</Filter>
    </ClCompile>
    <ClCompile Include="src\2015\day-9.cpp">
      <Filter>Source Files</Filter>
    </ClCompile>
    <ClCompile Include="src\2015\day-10.cpp">
      <Filter>Source Files</Filter>
    </ClCompile>
    <ClCompile Include="src\2015\day-11.cpp">
      <Filter>Source Files</Filter>
    </ClCompile>
    <ClCompile Include="src\2015\day-12.cpp">
      <Filter>Source Files</Filter>
    </ClCompile>
    <ClCompile Include="src\2015\day-13.cpp">
      <Filter>Source Files</Filter>
    </ClCompile>
    <ClCompile Include="src\2015\day-14.cpp">
      <Filter>Source Files</Filter>
    </ClCompile>
    <ClCompile Include="src\2015\day-15.cpp">
      <Filter>Source Files</Filter>
    </ClCompile>
    <ClCompile Include="src\2015\day-16.cpp">
      <Filter>Source Files</Filter>
    </ClCompile>
    <ClCompile Include="src\2015\day-17.cpp">
      <Filter>Source Files</Filter>
    </ClCompile>
    <ClCompile Include="src\2015\day-18.cpp">
      <Filter>Source Files</Filter>
    </ClCompile>
    <ClCompile Include="src\2015\day-19.cpp">
      <Filter>Source Files</Filter>
    </ClCompile>
    <ClCompile Include="src\2015\day-20.cpp">
      <Filter>Source Files</Filter>
    </ClCompile>
    <ClCompile Include="src\2015\day-21.cpp">
      <Filter>Source Files</Filter>
    </ClCompile>
    <ClCompile Include="src\2015\day-22.cpp">
      <Filter>Source Files</Filter>
    </ClCompile>
    <ClCompile Include="src\2015\day-23.cpp">
      <Filter>Source Files</Filter>
    </ClCompile>
    <ClCompile Include="src\2015\day-24.cpp">
      <Filter>Source Files</Filter>
    </ClCompile>
    <ClCompile Include="src\2015\day-25.cpp">
      <Filter>Source Files</Filter>
    </ClCompile>
  </ItemGroup>
  <ItemGroup>
    <Text Include="include\day-9.txt" />
    <Text Include="input\2017\day-1.txt" />
    <Text Include="input\2017\day-2.txt" />
    <Text Include="input\2017\day-3.txt" />
    <Text Include="input\2017\day-4.txt" />
    <Text Include="input\2017\day-5.txt" />
    <Text Include="input\2017\day-6.txt" />
    <Text Include="input\2017\day-7.txt" />
    <Text Include="input\2017\day-8.txt" />
    <Text Include="input\2017\day-9.txt" />
    <Text Include="input\2017\day-10.txt" />
    <Text Include="input\2017\day-11.txt" />
    <Text Include="input\2017\day-12.txt" />
    <Text Include="input\2017\day-13.txt" />
    <Text Include="input\2017\day-14.txt" />
    <Text Include="input\2017\day-15.txt" />
    <Text Include="input\2017\day-16.txt" />
    <Text Include="input\2017\day-17.txt" />
    <Text Include="input\2017\day-18.txt" />
    <Text Include="input\2017\day-19.txt" />
    <Text Include="input\2017\day-20.txt" />
    <Text Include="input\2017\day-21.txt" />
    <Text Include="input\2017\day-22.txt" />
    <Text Include="input\2017\day-23.txt" />
    <Text Include="input\2017\day-24.txt" />
    <Text Include="input\2017\day-25.txt" />
    <Text Include="input\2016\day-1.txt" />
    <Text Include="input\2016\day-2.txt" />
    <Text Include="input\2016\day-3.txt" />
    <Text Include="input\2016\day-4.txt" />
    <Text Include="input\2016\day-5.txt" />
    <Text Include="input\2016\day-6.txt" />
    <Text Include="input\2016\day-7.txt" />
    <Text Include="input\2016\day-8.txt" />
    <Text Include="input\2016\day-9.txt" />
    <Text Include="input\2016\day-10.txt" />
    <Text Include="input\2016\day-11.txt" />
    <Text Include="input\2016\day-12.txt" />
    <Text Include="input\2016\day-13.txt" />
    <Text Include="input\2016\day-14.txt" />
    <Text Include="input\2016\day-15.txt" />
    <Text Include="input\2016\day-16.txt" />
    <Text Include="input\2016\day-17.txt" />
    <Text Include="input\2016\day-18.txt" />
    <Text Include="input\2016\day-19.txt" />
    <Text Include="input\2016\day-20.txt" />
    <Text Include="input\2016\day-21.txt" />
    <Text Include="input\2016\day-22.txt" />
    <Text Include="input\2016\day-23.txt" />
    <Text Include="input\2016\day-24.txt" />
    <Text Include="input\2016\day-25.txt" />
    <Text Include="input\2015\day-1.txt" />
    <Text Include="input\2015\day-2.txt" />
    <Text Include="input\2015\day-3.txt" />
    <Text Include="input\2015\day-4.txt" />
    <Text Include="input\2015\day-5.txt" />
    <Text Include="input\2015\day-6.txt" />
    <Text Include="input\2015\day-7.txt" />
    <Text Include="input\2015\day-8.txt" />
    <Text Include="input\2015\day-9.txt" />
    <Text Include="input\2015\day-10.txt" />
    <Text Include="input\2015\day-11.txt" />
    <Text Include="input\2015\day-12.txt" />
    <Text Include="input\2015\day-13.txt" />
    <Text Include="input\2015\day-14.txt" />
    <Text Include="input\2015\day-15.txt" />
    <Text Include="input\2015\day-16.txt" />
    <Text Include="input\2015\day-17.txt" />
    <Text Include="input\2015\day-18.txt" />
    <Text Include="input\2015\day-19.txt" />
    <Text Include="input\2015\day-20.txt" />
    <Text Include="input\2015\day-21.txt" />
    <Text Include="input\2015\day-22.txt" />
    <Text Include="input\2015\day-23.txt" />
    <Text Include="input\2015\day-24.txt" />
    <Text Include="input\2015\day-25.txt" />
  </ItemGroup>
</Project>